hash: bee4b09f3f4559e731ee45addeae1c647b916e5b90a70bcc3a7ba11c3bdbd2f5
updated: 2018-04-01T08:53:04.248574+08:00
imports:
- name: github.com/buger/jsonparser
  version: 2cac668e8456b4284edb0715e17e2af02d3ec993
- name: github.com/jiwen624/uuid
  version: fb4afd112a5c0154f57cc24dbf998036b8e595f4
- name: github.com/leesper/go_rng
  version: 5344a9259b21627d94279721ab1f27eb029194e7
- name: github.com/Pallinder/go-randomdata
  version: dab270d296c6c8fb98de3b4334bbd7d7b0ceca53
- name: github.com/vjeantet/jodaTime
  version: be924ce213fb35f66c810b61e051965eb78b82d0
- name: gopkg.in/natefinch/lumberjack.v2
  version: a96e63847dc3c67d17befa69c303767e2f84e54f
testImports: []
