# This file is autogenerated, do not edit; changes may be undone by the next 'dep ensure'.


[[projects]]
  branch = "master"
  name = "github.com/Pallinder/go-randomdata"
  packages = ["."]
  revision = "15df0648130a623e418886f81b2aaecd0a00547b"

[[projects]]
  name = "github.com/basgys/goxml2json"
  packages = ["."]
  revision = "652b277a9313806ef04f7c0cb0205dd455c4f344"
  version = "v1.1.0"

[[projects]]
  name = "github.com/beevik/etree"
  packages = ["."]
  revision = "9d7e8feddccb4ed1b8afb54e368bd323d2ff652c"
  version = "v1.0.1"

[[projects]]
  branch = "master"
  name = "github.com/buger/jsonparser"
  packages = ["."]
  revision = "2cac668e8456b4284edb0715e17e2af02d3ec993"

[[projects]]
  name = "github.com/jiwen624/uuid"
  packages = ["."]
  revision = "fb4afd112a5c0154f57cc24dbf998036b8e595f4"
  version = "1.0.1"

[[projects]]
  branch = "master"
  name = "github.com/leesper/go_rng"
  packages = ["."]
  revision = "5344a9259b21627d94279721ab1f27eb029194e7"

[[projects]]
  branch = "master"
  name = "github.com/vjeantet/jodaTime"
  packages = ["."]
  revision = "be924ce213fb35f66c810b61e051965eb78b82d0"

[[projects]]
  name = "go.uber.org/atomic"
  packages = ["."]
  revision = "1ea20fb1cbb1cc08cbd0d913a96dead89aa18289"
  version = "v1.3.2"

[[projects]]
  name = "go.uber.org/multierr"
  packages = ["."]
  revision = "3c4937480c32f4c13a875a1829af76c98ca3d40a"
  version = "v1.1.0"

[[projects]]
  name = "go.uber.org/zap"
  packages = [
    ".",
    "buffer",
    "internal/bufferpool",
    "internal/color",
    "internal/exit",
    "zapcore"
  ]
  revision = "4d45f9617f7d90f7a663ff21c7a4321dbe78098b"
  version = "v1.9.0"

[[projects]]
  branch = "master"
  name = "golang.org/x/net"
  packages = [
    "html",
    "html/atom",
    "html/charset"
  ]
  revision = "49c15d80dfbc983ea25246ee959d970efe09ec09"

[[projects]]
  name = "golang.org/x/text"
  packages = [
    "encoding",
    "encoding/charmap",
    "encoding/htmlindex",
    "encoding/internal",
    "encoding/internal/identifier",
    "encoding/japanese",
    "encoding/korean",
    "encoding/simplifiedchinese",
    "encoding/traditionalchinese",
    "encoding/unicode",
    "internal/gen",
    "internal/tag",
    "internal/utf8internal",
    "language",
    "runes",
    "transform",
    "unicode/cldr"
  ]
  revision = "f21a4dfb5e38f5895301dc265a8def02365cc3d0"
  version = "v0.3.0"

[[projects]]
  name = "gopkg.in/natefinch/lumberjack.v2"
  packages = ["."]
  revision = "a96e63847dc3c67d17befa69c303767e2f84e54f"
  version = "v2.1"

[solve-meta]
  analyzer-name = "dep"
  analyzer-version = 1
  inputs-digest = "3c101a393a1a03364080fcdee32c657610e37f9761b42cf018d53aecdb0ca02c"
  solver-name = "gps-cdcl"
  solver-version = 1
